
Microsoft Visual Studio Solution File, Format Version 12.00
# Visual Studio Version 16
VisualStudioVersion = 16.0.31702.278
MinimumVisualStudioVersion = 10.0.40219.1
Project("{FAE04EC0-301F-11D3-BF4B-00C04F79EFBC}") = "Average", "Average\Average.csproj", "{92B85C2E-FCEF-4968-855C-6C32144C59C9}"
EndProject
Global
	GlobalSection(SolutionConfigurationPlatforms) = preSolution
		Debug|Any CPU = Debug|Any CPU
		Release|Any CPU = Release|Any CPU
	EndGlobalSection
	GlobalSection(ProjectConfigurationPlatforms) = postSolution
		{92B85C2E-FCEF-4968-855C-6C32144C59C9}.Debug|Any CPU.ActiveCfg = Debug|Any CPU
		{92B85C2E-FCEF-4968-855C-6C32144C59C9}.Debug|Any CPU.Build.0 = Debug|Any CPU
		{92B85C2E-FCEF-4968-855C-6C32144C59C9}.Release|Any CPU.ActiveCfg = Release|Any CPU
		{92B85C2E-FCEF-4968-855C-6C32144C59C9}.Release|Any CPU.Build.0 = Release|Any CPU
	EndGlobalSection
	GlobalSection(SolutionProperties) = preSolution
		HideSolutionNode = FALSE
	EndGlobalSection
	GlobalSection(ExtensibilityGlobals) = postSolution
		SolutionGuid = {6D617300-2594-4C25-83BE-28551AD99115}
	EndGlobalSection
EndGlobal
