
Microsoft Visual Studio Solution File, Format Version 12.00
# Visual Studio Version 16
VisualStudioVersion = 16.0.31702.278
MinimumVisualStudioVersion = 10.0.40219.1
Project("{FAE04EC0-301F-11D3-BF4B-00C04F79EFBC}") = "Conditions", "Conditions\Conditions.csproj", "{ABE64164-F07D-41A3-ACC7-CA82C636D045}"
EndProject
Global
	GlobalSection(SolutionConfigurationPlatforms) = preSolution
		Debug|Any CPU = Debug|Any CPU
		Release|Any CPU = Release|Any CPU
	EndGlobalSection
	GlobalSection(ProjectConfigurationPlatforms) = postSolution
		{ABE64164-F07D-41A3-ACC7-CA82C636D045}.Debug|Any CPU.ActiveCfg = Debug|Any CPU
		{ABE64164-F07D-41A3-ACC7-CA82C636D045}.Debug|Any CPU.Build.0 = Debug|Any CPU
		{ABE64164-F07D-41A3-ACC7-CA82C636D045}.Release|Any CPU.ActiveCfg = Release|Any CPU
		{ABE64164-F07D-41A3-ACC7-CA82C636D045}.Release|Any CPU.Build.0 = Release|Any CPU
	EndGlobalSection
	GlobalSection(SolutionProperties) = preSolution
		HideSolutionNode = FALSE
	EndGlobalSection
	GlobalSection(ExtensibilityGlobals) = postSolution
		SolutionGuid = {846A06FF-EF21-42DA-86DB-6439E7B41EDB}
	EndGlobalSection
EndGlobal
