
Microsoft Visual Studio Solution File, Format Version 12.00
# Visual Studio Version 16
VisualStudioVersion = 16.0.31829.152
MinimumVisualStudioVersion = 10.0.40219.1
Project("{FAE04EC0-301F-11D3-BF4B-00C04F79EFBC}") = "SearchingString", "SearchingString\SearchingString.csproj", "{662A3A34-1AC8-460D-9B14-64A5E673D012}"
EndProject
Global
	GlobalSection(SolutionConfigurationPlatforms) = preSolution
		Debug|Any CPU = Debug|Any CPU
		Release|Any CPU = Release|Any CPU
	EndGlobalSection
	GlobalSection(ProjectConfigurationPlatforms) = postSolution
		{662A3A34-1AC8-460D-9B14-64A5E673D012}.Debug|Any CPU.ActiveCfg = Debug|Any CPU
		{662A3A34-1AC8-460D-9B14-64A5E673D012}.Debug|Any CPU.Build.0 = Debug|Any CPU
		{662A3A34-1AC8-460D-9B14-64A5E673D012}.Release|Any CPU.ActiveCfg = Release|Any CPU
		{662A3A34-1AC8-460D-9B14-64A5E673D012}.Release|Any CPU.Build.0 = Release|Any CPU
	EndGlobalSection
	GlobalSection(SolutionProperties) = preSolution
		HideSolutionNode = FALSE
	EndGlobalSection
	GlobalSection(ExtensibilityGlobals) = postSolution
		SolutionGuid = {585F9019-B16D-4DD4-90CF-3A26DFB1B357}
	EndGlobalSection
EndGlobal
