
Microsoft Visual Studio Solution File, Format Version 12.00
# Visual Studio Version 16
VisualStudioVersion = 16.0.31702.278
MinimumVisualStudioVersion = 10.0.40219.1
Project("{FAE04EC0-301F-11D3-BF4B-00C04F79EFBC}") = "Calculator", "Calculator\Calculator.csproj", "{366BCB26-1740-41FD-B0BB-D1902D197799}"
EndProject
Global
	GlobalSection(SolutionConfigurationPlatforms) = preSolution
		Debug|Any CPU = Debug|Any CPU
		Release|Any CPU = Release|Any CPU
	EndGlobalSection
	GlobalSection(ProjectConfigurationPlatforms) = postSolution
		{366BCB26-1740-41FD-B0BB-D1902D197799}.Debug|Any CPU.ActiveCfg = Debug|Any CPU
		{366BCB26-1740-41FD-B0BB-D1902D197799}.Debug|Any CPU.Build.0 = Debug|Any CPU
		{366BCB26-1740-41FD-B0BB-D1902D197799}.Release|Any CPU.ActiveCfg = Release|Any CPU
		{366BCB26-1740-41FD-B0BB-D1902D197799}.Release|Any CPU.Build.0 = Release|Any CPU
	EndGlobalSection
	GlobalSection(SolutionProperties) = preSolution
		HideSolutionNode = FALSE
	EndGlobalSection
	GlobalSection(ExtensibilityGlobals) = postSolution
		SolutionGuid = {2539908A-784E-4A34-ACD8-7C99DB2935C6}
	EndGlobalSection
EndGlobal
