
Microsoft Visual Studio Solution File, Format Version 12.00
# Visual Studio Version 16
VisualStudioVersion = 16.0.31727.386
MinimumVisualStudioVersion = 10.0.40219.1
Project("{FAE04EC0-301F-11D3-BF4B-00C04F79EFBC}") = "Reverse_table", "Reverse_table\Reverse_table.csproj", "{2EA53ECA-37E0-4855-BF2D-133B85D91512}"
EndProject
Global
	GlobalSection(SolutionConfigurationPlatforms) = preSolution
		Debug|Any CPU = Debug|Any CPU
		Release|Any CPU = Release|Any CPU
	EndGlobalSection
	GlobalSection(ProjectConfigurationPlatforms) = postSolution
		{2EA53ECA-37E0-4855-BF2D-133B85D91512}.Debug|Any CPU.ActiveCfg = Debug|Any CPU
		{2EA53ECA-37E0-4855-BF2D-133B85D91512}.Debug|Any CPU.Build.0 = Debug|Any CPU
		{2EA53ECA-37E0-4855-BF2D-133B85D91512}.Release|Any CPU.ActiveCfg = Release|Any CPU
		{2EA53ECA-37E0-4855-BF2D-133B85D91512}.Release|Any CPU.Build.0 = Release|Any CPU
	EndGlobalSection
	GlobalSection(SolutionProperties) = preSolution
		HideSolutionNode = FALSE
	EndGlobalSection
	GlobalSection(ExtensibilityGlobals) = postSolution
		SolutionGuid = {203B343E-2F69-4089-A575-E3888AC3239F}
	EndGlobalSection
EndGlobal
