
Microsoft Visual Studio Solution File, Format Version 12.00
# Visual Studio Version 16
VisualStudioVersion = 16.0.31702.278
MinimumVisualStudioVersion = 10.0.40219.1
Project("{FAE04EC0-301F-11D3-BF4B-00C04F79EFBC}") = "Arthmetic", "Arthmetic\Arthmetic.csproj", "{A749B3C6-5BDE-472B-9584-5AA0D1192510}"
EndProject
Global
	GlobalSection(SolutionConfigurationPlatforms) = preSolution
		Debug|Any CPU = Debug|Any CPU
		Release|Any CPU = Release|Any CPU
	EndGlobalSection
	GlobalSection(ProjectConfigurationPlatforms) = postSolution
		{A749B3C6-5BDE-472B-9584-5AA0D1192510}.Debug|Any CPU.ActiveCfg = Debug|Any CPU
		{A749B3C6-5BDE-472B-9584-5AA0D1192510}.Debug|Any CPU.Build.0 = Debug|Any CPU
		{A749B3C6-5BDE-472B-9584-5AA0D1192510}.Release|Any CPU.ActiveCfg = Release|Any CPU
		{A749B3C6-5BDE-472B-9584-5AA0D1192510}.Release|Any CPU.Build.0 = Release|Any CPU
	EndGlobalSection
	GlobalSection(SolutionProperties) = preSolution
		HideSolutionNode = FALSE
	EndGlobalSection
	GlobalSection(ExtensibilityGlobals) = postSolution
		SolutionGuid = {F3B846A6-CFB4-4CC0-841A-AB7678112F8A}
	EndGlobalSection
EndGlobal
